
Microsoft Visual Studio Solution File, Format Version 12.00
# Visual Studio Version 16
VisualStudioVersion = 16.0.30717.126
MinimumVisualStudioVersion = 10.0.40219.1
Project("{9A19103F-16F7-4668-BE54-9A1E7A4F7556}") = "CleanCodeLab3", "CleanCodeLab3\CleanCodeLab3.csproj", "{204D4476-DEA5-4126-86A2-D8B9CC1C53EE}"
EndProject
Project("{9A19103F-16F7-4668-BE54-9A1E7A4F7556}") = "CleanCodeLab3Test", "CleanCodeLab3Test\CleanCodeLab3Test.csproj", "{2D9D380B-042D-4B03-8BFC-592582118E61}"
EndProject
Project("{9A19103F-16F7-4668-BE54-9A1E7A4F7556}") = "PizzaStorage", "PizzaStorage\PizzaStorage.csproj", "{CD430884-89FC-4B89-854E-0FEF940EAA79}"
EndProject
Project("{E53339B2-1760-4266-BCC7-CA923CBCF16C}") = "docker-compose", "docker-compose.dcproj", "{FCA479F7-A95F-450B-8E9E-C7BE5BFEAC71}"
EndProject
Global
	GlobalSection(SolutionConfigurationPlatforms) = preSolution
		Debug|Any CPU = Debug|Any CPU
		Release|Any CPU = Release|Any CPU
	EndGlobalSection
	GlobalSection(ProjectConfigurationPlatforms) = postSolution
		{204D4476-DEA5-4126-86A2-D8B9CC1C53EE}.Debug|Any CPU.ActiveCfg = Debug|Any CPU
		{204D4476-DEA5-4126-86A2-D8B9CC1C53EE}.Debug|Any CPU.Build.0 = Debug|Any CPU
		{204D4476-DEA5-4126-86A2-D8B9CC1C53EE}.Release|Any CPU.ActiveCfg = Release|Any CPU
		{204D4476-DEA5-4126-86A2-D8B9CC1C53EE}.Release|Any CPU.Build.0 = Release|Any CPU
		{2D9D380B-042D-4B03-8BFC-592582118E61}.Debug|Any CPU.ActiveCfg = Debug|Any CPU
		{2D9D380B-042D-4B03-8BFC-592582118E61}.Debug|Any CPU.Build.0 = Debug|Any CPU
		{2D9D380B-042D-4B03-8BFC-592582118E61}.Release|Any CPU.ActiveCfg = Release|Any CPU
		{2D9D380B-042D-4B03-8BFC-592582118E61}.Release|Any CPU.Build.0 = Release|Any CPU
		{CD430884-89FC-4B89-854E-0FEF940EAA79}.Debug|Any CPU.ActiveCfg = Debug|Any CPU
		{CD430884-89FC-4B89-854E-0FEF940EAA79}.Debug|Any CPU.Build.0 = Debug|Any CPU
		{CD430884-89FC-4B89-854E-0FEF940EAA79}.Release|Any CPU.ActiveCfg = Release|Any CPU
		{CD430884-89FC-4B89-854E-0FEF940EAA79}.Release|Any CPU.Build.0 = Release|Any CPU
		{FCA479F7-A95F-450B-8E9E-C7BE5BFEAC71}.Debug|Any CPU.ActiveCfg = Debug|Any CPU
		{FCA479F7-A95F-450B-8E9E-C7BE5BFEAC71}.Debug|Any CPU.Build.0 = Debug|Any CPU
		{FCA479F7-A95F-450B-8E9E-C7BE5BFEAC71}.Release|Any CPU.ActiveCfg = Release|Any CPU
		{FCA479F7-A95F-450B-8E9E-C7BE5BFEAC71}.Release|Any CPU.Build.0 = Release|Any CPU
	EndGlobalSection
	GlobalSection(SolutionProperties) = preSolution
		HideSolutionNode = FALSE
	EndGlobalSection
	GlobalSection(ExtensibilityGlobals) = postSolution
		SolutionGuid = {0D8D9C00-FB5F-46E5-9E2C-9E8BB34E6ED4}
	EndGlobalSection
EndGlobal
